// !$*UTF8*$!
{
	archiveVersion = 1;
	classes = {
	};
	objectVersion = 46;
	objects = {

/* Begin PBXBuildFile section */
		A0EF4DA31CE8689E00C52142 /* Iris.h in Headers */ = {isa = PBXBuildFile; fileRef = A0EF4DA21CE8689E00C52142 /* Iris.h */; settings = {ATTRIBUTES = (Public, ); }; };
		A0EF4DAF1CE869AE00C52142 /* AppDelegate.swift in Sources */ = {isa = PBXBuildFile; fileRef = A0EF4DAE1CE869AD00C52142 /* AppDelegate.swift */; };
		A0EF4DB11CE869AE00C52142 /* ViewController.swift in Sources */ = {isa = PBXBuildFile; fileRef = A0EF4DB01CE869AE00C52142 /* ViewController.swift */; };
		A0EF4DB41CE869AE00C52142 /* Main.storyboard in Resources */ = {isa = PBXBuildFile; fileRef = A0EF4DB21CE869AE00C52142 /* Main.storyboard */; };
		A0EF4DB61CE869AE00C52142 /* Assets.xcassets in Resources */ = {isa = PBXBuildFile; fileRef = A0EF4DB51CE869AE00C52142 /* Assets.xcassets */; };
		A0EF4DB91CE869AE00C52142 /* LaunchScreen.storyboard in Resources */ = {isa = PBXBuildFile; fileRef = A0EF4DB71CE869AE00C52142 /* LaunchScreen.storyboard */; };
		A0EF4DC51CE86A0600C52142 /* AppDelegate.swift in Sources */ = {isa = PBXBuildFile; fileRef = A0EF4DC41CE86A0600C52142 /* AppDelegate.swift */; };
		A0EF4DC71CE86A0600C52142 /* ViewController.swift in Sources */ = {isa = PBXBuildFile; fileRef = A0EF4DC61CE86A0600C52142 /* ViewController.swift */; };
		A0EF4DCA1CE86A0600C52142 /* Main.storyboard in Resources */ = {isa = PBXBuildFile; fileRef = A0EF4DC81CE86A0600C52142 /* Main.storyboard */; };
		A0EF4DCC1CE86A0600C52142 /* Assets.xcassets in Resources */ = {isa = PBXBuildFile; fileRef = A0EF4DCB1CE86A0600C52142 /* Assets.xcassets */; };
/* End PBXBuildFile section */

/* Begin PBXFileReference section */
		A0EF4D9F1CE8689E00C52142 /* Iris.framework */ = {isa = PBXFileReference; explicitFileType = wrapper.framework; includeInIndex = 0; path = Iris.framework; sourceTree = BUILT_PRODUCTS_DIR; };
		A0EF4DA21CE8689E00C52142 /* Iris.h */ = {isa = PBXFileReference; lastKnownFileType = sourcecode.c.h; path = Iris.h; sourceTree = "<group>"; };
		A0EF4DA41CE8689E00C52142 /* Info.plist */ = {isa = PBXFileReference; lastKnownFileType = text.plist.xml; path = Info.plist; sourceTree = "<group>"; };
		A0EF4DAC1CE869AD00C52142 /* Iris Example iOS.app */ = {isa = PBXFileReference; explicitFileType = wrapper.application; includeInIndex = 0; path = "Iris Example iOS.app"; sourceTree = BUILT_PRODUCTS_DIR; };
		A0EF4DAE1CE869AD00C52142 /* AppDelegate.swift */ = {isa = PBXFileReference; lastKnownFileType = sourcecode.swift; path = AppDelegate.swift; sourceTree = "<group>"; };
		A0EF4DB01CE869AE00C52142 /* ViewController.swift */ = {isa = PBXFileReference; lastKnownFileType = sourcecode.swift; path = ViewController.swift; sourceTree = "<group>"; };
		A0EF4DB31CE869AE00C52142 /* Base */ = {isa = PBXFileReference; lastKnownFileType = file.storyboard; name = Base; path = Base.lproj/Main.storyboard; sourceTree = "<group>"; };
		A0EF4DB51CE869AE00C52142 /* Assets.xcassets */ = {isa = PBXFileReference; lastKnownFileType = folder.assetcatalog; path = Assets.xcassets; sourceTree = "<group>"; };
		A0EF4DB81CE869AE00C52142 /* Base */ = {isa = PBXFileReference; lastKnownFileType = file.storyboard; name = Base; path = Base.lproj/LaunchScreen.storyboard; sourceTree = "<group>"; };
		A0EF4DBA1CE869AE00C52142 /* Info.plist */ = {isa = PBXFileReference; lastKnownFileType = text.plist.xml; path = Info.plist; sourceTree = "<group>"; };
		A0EF4DC21CE86A0600C52142 /* Iris Example tvOS.app */ = {isa = PBXFileReference; explicitFileType = wrapper.application; includeInIndex = 0; path = "Iris Example tvOS.app"; sourceTree = BUILT_PRODUCTS_DIR; };
		A0EF4DC41CE86A0600C52142 /* AppDelegate.swift */ = {isa = PBXFileReference; lastKnownFileType = sourcecode.swift; path = AppDelegate.swift; sourceTree = "<group>"; };
		A0EF4DC61CE86A0600C52142 /* ViewController.swift */ = {isa = PBXFileReference; lastKnownFileType = sourcecode.swift; path = ViewController.swift; sourceTree = "<group>"; };
		A0EF4DC91CE86A0600C52142 /* Base */ = {isa = PBXFileReference; lastKnownFileType = file.storyboard; name = Base; path = Base.lproj/Main.storyboard; sourceTree = "<group>"; };
		A0EF4DCB1CE86A0600C52142 /* Assets.xcassets */ = {isa = PBXFileReference; lastKnownFileType = folder.assetcatalog; path = Assets.xcassets; sourceTree = "<group>"; };
		A0EF4DCD1CE86A0600C52142 /* Info.plist */ = {isa = PBXFileReference; lastKnownFileType = text.plist.xml; path = Info.plist; sourceTree = "<group>"; };
/* End PBXFileReference section */

/* Begin PBXFrameworksBuildPhase section */
		A0EF4D9B1CE8689E00C52142 /* Frameworks */ = {
			isa = PBXFrameworksBuildPhase;
			buildActionMask = 2147483647;
			files = (
			);
			runOnlyForDeploymentPostprocessing = 0;
		};
		A0EF4DA91CE869AD00C52142 /* Frameworks */ = {
			isa = PBXFrameworksBuildPhase;
			buildActionMask = 2147483647;
			files = (
			);
			runOnlyForDeploymentPostprocessing = 0;
		};
		A0EF4DBF1CE86A0600C52142 /* Frameworks */ = {
			isa = PBXFrameworksBuildPhase;
			buildActionMask = 2147483647;
			files = (
			);
			runOnlyForDeploymentPostprocessing = 0;
		};
/* End PBXFrameworksBuildPhase section */

/* Begin PBXGroup section */
		A0EF4D931CE867DF00C52142 = {
			isa = PBXGroup;
			children = (
				A0EF4DA11CE8689E00C52142 /* Iris */,
				A0EF4DAD1CE869AD00C52142 /* Iris Example iOS */,
				A0EF4DC31CE86A0600C52142 /* Iris Example tvOS */,
				A0EF4DA01CE8689E00C52142 /* Products */,
			);
			sourceTree = "<group>";
		};
		A0EF4DA01CE8689E00C52142 /* Products */ = {
			isa = PBXGroup;
			children = (
				A0EF4D9F1CE8689E00C52142 /* Iris.framework */,
				A0EF4DAC1CE869AD00C52142 /* Iris Example iOS.app */,
				A0EF4DC21CE86A0600C52142 /* Iris Example tvOS.app */,
			);
			name = Products;
			sourceTree = "<group>";
		};
		A0EF4DA11CE8689E00C52142 /* Iris */ = {
			isa = PBXGroup;
			children = (
				A0EF4DA21CE8689E00C52142 /* Iris.h */,
				A0EF4DA41CE8689E00C52142 /* Info.plist */,
			);
			path = Iris;
			sourceTree = "<group>";
		};
		A0EF4DAD1CE869AD00C52142 /* Iris Example iOS */ = {
			isa = PBXGroup;
			children = (
				A0EF4DAE1CE869AD00C52142 /* AppDelegate.swift */,
				A0EF4DB01CE869AE00C52142 /* ViewController.swift */,
				A0EF4DB21CE869AE00C52142 /* Main.storyboard */,
				A0EF4DB51CE869AE00C52142 /* Assets.xcassets */,
				A0EF4DB71CE869AE00C52142 /* LaunchScreen.storyboard */,
				A0EF4DBA1CE869AE00C52142 /* Info.plist */,
			);
			path = "Iris Example iOS";
			sourceTree = "<group>";
		};
		A0EF4DC31CE86A0600C52142 /* Iris Example tvOS */ = {
			isa = PBXGroup;
			children = (
				A0EF4DC41CE86A0600C52142 /* AppDelegate.swift */,
				A0EF4DC61CE86A0600C52142 /* ViewController.swift */,
				A0EF4DC81CE86A0600C52142 /* Main.storyboard */,
				A0EF4DCB1CE86A0600C52142 /* Assets.xcassets */,
				A0EF4DCD1CE86A0600C52142 /* Info.plist */,
			);
			path = "Iris Example tvOS";
			sourceTree = "<group>";
		};
/* End PBXGroup section */

/* Begin PBXHeadersBuildPhase section */
		A0EF4D9C1CE8689E00C52142 /* Headers */ = {
			isa = PBXHeadersBuildPhase;
			buildActionMask = 2147483647;
			files = (
				A0EF4DA31CE8689E00C52142 /* Iris.h in Headers */,
			);
			runOnlyForDeploymentPostprocessing = 0;
		};
/* End PBXHeadersBuildPhase section */

/* Begin PBXNativeTarget section */
		A0EF4D9E1CE8689E00C52142 /* Iris */ = {
			isa = PBXNativeTarget;
			buildConfigurationList = A0EF4DA51CE8689E00C52142 /* Build configuration list for PBXNativeTarget "Iris" */;
			buildPhases = (
				A0EF4D9A1CE8689E00C52142 /* Sources */,
				A0EF4D9B1CE8689E00C52142 /* Frameworks */,
				A0EF4D9C1CE8689E00C52142 /* Headers */,
				A0EF4D9D1CE8689E00C52142 /* Resources */,
			);
			buildRules = (
			);
			dependencies = (
			);
			name = Iris;
			productName = Iris;
			productReference = A0EF4D9F1CE8689E00C52142 /* Iris.framework */;
			productType = "com.apple.product-type.framework";
		};
		A0EF4DAB1CE869AD00C52142 /* Iris Example iOS */ = {
			isa = PBXNativeTarget;
			buildConfigurationList = A0EF4DBD1CE869AE00C52142 /* Build configuration list for PBXNativeTarget "Iris Example iOS" */;
			buildPhases = (
				A0EF4DA81CE869AD00C52142 /* Sources */,
				A0EF4DA91CE869AD00C52142 /* Frameworks */,
				A0EF4DAA1CE869AD00C52142 /* Resources */,
			);
			buildRules = (
			);
			dependencies = (
			);
			name = "Iris Example iOS";
			productName = "Iris Example iOS";
			productReference = A0EF4DAC1CE869AD00C52142 /* Iris Example iOS.app */;
			productType = "com.apple.product-type.application";
		};
		A0EF4DC11CE86A0600C52142 /* Iris Example tvOS */ = {
			isa = PBXNativeTarget;
			buildConfigurationList = A0EF4DCE1CE86A0600C52142 /* Build configuration list for PBXNativeTarget "Iris Example tvOS" */;
			buildPhases = (
				A0EF4DBE1CE86A0600C52142 /* Sources */,
				A0EF4DBF1CE86A0600C52142 /* Frameworks */,
				A0EF4DC01CE86A0600C52142 /* Resources */,
			);
			buildRules = (
			);
			dependencies = (
			);
			name = "Iris Example tvOS";
			productName = "Iris Example tvOS";
			productReference = A0EF4DC21CE86A0600C52142 /* Iris Example tvOS.app */;
			productType = "com.apple.product-type.application";
		};
/* End PBXNativeTarget section */

/* Begin PBXProject section */
		A0EF4D941CE867DF00C52142 /* Project object */ = {
			isa = PBXProject;
			attributes = {
				LastSwiftUpdateCheck = 0730;
				LastUpgradeCheck = 0730;
				TargetAttributes = {
					A0EF4D9E1CE8689E00C52142 = {
						CreatedOnToolsVersion = 7.3.1;
					};
					A0EF4DAB1CE869AD00C52142 = {
						CreatedOnToolsVersion = 7.3.1;
					};
					A0EF4DC11CE86A0600C52142 = {
						CreatedOnToolsVersion = 7.3.1;
					};
				};
			};
			buildConfigurationList = A0EF4D971CE867DF00C52142 /* Build configuration list for PBXProject "Iris" */;
			compatibilityVersion = "Xcode 3.2";
			developmentRegion = English;
			hasScannedForEncodings = 0;
			knownRegions = (
				en,
				Base,
			);
			mainGroup = A0EF4D931CE867DF00C52142;
			productRefGroup = A0EF4DA01CE8689E00C52142 /* Products */;
			projectDirPath = "";
			projectRoot = "";
			targets = (
				A0EF4D9E1CE8689E00C52142 /* Iris */,
				A0EF4DAB1CE869AD00C52142 /* Iris Example iOS */,
				A0EF4DC11CE86A0600C52142 /* Iris Example tvOS */,
			);
		};
/* End PBXProject section */

/* Begin PBXResourcesBuildPhase section */
		A0EF4D9D1CE8689E00C52142 /* Resources */ = {
			isa = PBXResourcesBuildPhase;
			buildActionMask = 2147483647;
			files = (
			);
			runOnlyForDeploymentPostprocessing = 0;
		};
		A0EF4DAA1CE869AD00C52142 /* Resources */ = {
			isa = PBXResourcesBuildPhase;
			buildActionMask = 2147483647;
			files = (
				A0EF4DB91CE869AE00C52142 /* LaunchScreen.storyboard in Resources */,
				A0EF4DB61CE869AE00C52142 /* Assets.xcassets in Resources */,
				A0EF4DB41CE869AE00C52142 /* Main.storyboard in Resources */,
			);
			runOnlyForDeploymentPostprocessing = 0;
		};
		A0EF4DC01CE86A0600C52142 /* Resources */ = {
			isa = PBXResourcesBuildPhase;
			buildActionMask = 2147483647;
			files = (
				A0EF4DCC1CE86A0600C52142 /* Assets.xcassets in Resources */,
				A0EF4DCA1CE86A0600C52142 /* Main.storyboard in Resources */,
			);
			runOnlyForDeploymentPostprocessing = 0;
		};
/* End PBXResourcesBuildPhase section */

/* Begin PBXSourcesBuildPhase section */
		A0EF4D9A1CE8689E00C52142 /* Sources */ = {
			isa = PBXSourcesBuildPhase;
			buildActionMask = 2147483647;
			files = (
			);
			runOnlyForDeploymentPostprocessing = 0;
		};
		A0EF4DA81CE869AD00C52142 /* Sources */ = {
			isa = PBXSourcesBuildPhase;
			buildActionMask = 2147483647;
			files = (
				A0EF4DB11CE869AE00C52142 /* ViewController.swift in Sources */,
				A0EF4DAF1CE869AE00C52142 /* AppDelegate.swift in Sources */,
			);
			runOnlyForDeploymentPostprocessing = 0;
		};
		A0EF4DBE1CE86A0600C52142 /* Sources */ = {
			isa = PBXSourcesBuildPhase;
			buildActionMask = 2147483647;
			files = (
				A0EF4DC71CE86A0600C52142 /* ViewController.swift in Sources */,
				A0EF4DC51CE86A0600C52142 /* AppDelegate.swift in Sources */,
			);
			runOnlyForDeploymentPostprocessing = 0;
		};
/* End PBXSourcesBuildPhase section */

/* Begin PBXVariantGroup section */
		A0EF4DB21CE869AE00C52142 /* Main.storyboard */ = {
			isa = PBXVariantGroup;
			children = (
				A0EF4DB31CE869AE00C52142 /* Base */,
			);
			name = Main.storyboard;
			sourceTree = "<group>";
		};
		A0EF4DB71CE869AE00C52142 /* LaunchScreen.storyboard */ = {
			isa = PBXVariantGroup;
			children = (
				A0EF4DB81CE869AE00C52142 /* Base */,
			);
			name = LaunchScreen.storyboard;
			sourceTree = "<group>";
		};
		A0EF4DC81CE86A0600C52142 /* Main.storyboard */ = {
			isa = PBXVariantGroup;
			children = (
				A0EF4DC91CE86A0600C52142 /* Base */,
			);
			name = Main.storyboard;
			sourceTree = "<group>";
		};
/* End PBXVariantGroup section */

/* Begin XCBuildConfiguration section */
		A0EF4D981CE867DF00C52142 /* Debug */ = {
			isa = XCBuildConfiguration;
			buildSettings = {
			};
			name = Debug;
		};
		A0EF4D991CE867DF00C52142 /* Release */ = {
			isa = XCBuildConfiguration;
			buildSettings = {
			};
			name = Release;
		};
		A0EF4DA61CE8689E00C52142 /* Debug */ = {
			isa = XCBuildConfiguration;
			buildSettings = {
				ALWAYS_SEARCH_USER_PATHS = NO;
				CLANG_ANALYZER_NONNULL = YES;
				CLANG_CXX_LANGUAGE_STANDARD = "gnu++0x";
				CLANG_CXX_LIBRARY = "libc++";
				CLANG_ENABLE_MODULES = YES;
				CLANG_ENABLE_OBJC_ARC = YES;
				CLANG_WARN_BOOL_CONVERSION = YES;
				CLANG_WARN_CONSTANT_CONVERSION = YES;
				CLANG_WARN_DIRECT_OBJC_ISA_USAGE = YES_ERROR;
				CLANG_WARN_EMPTY_BODY = YES;
				CLANG_WARN_ENUM_CONVERSION = YES;
				CLANG_WARN_INT_CONVERSION = YES;
				CLANG_WARN_OBJC_ROOT_CLASS = YES_ERROR;
				CLANG_WARN_UNREACHABLE_CODE = YES;
				CLANG_WARN__DUPLICATE_METHOD_MATCH = YES;
				"CODE_SIGN_IDENTITY[sdk=iphoneos*]" = "iPhone Developer";
				COPY_PHASE_STRIP = NO;
				CURRENT_PROJECT_VERSION = 1;
				DEBUG_INFORMATION_FORMAT = dwarf;
				DEFINES_MODULE = YES;
				DYLIB_COMPATIBILITY_VERSION = 1;
				DYLIB_CURRENT_VERSION = 1;
				DYLIB_INSTALL_NAME_BASE = "@rpath";
				ENABLE_STRICT_OBJC_MSGSEND = YES;
				ENABLE_TESTABILITY = YES;
				GCC_C_LANGUAGE_STANDARD = gnu99;
				GCC_DYNAMIC_NO_PIC = NO;
				GCC_NO_COMMON_BLOCKS = YES;
				GCC_OPTIMIZATION_LEVEL = 0;
				GCC_PREPROCESSOR_DEFINITIONS = (
					"DEBUG=1",
					"$(inherited)",
				);
				GCC_WARN_64_TO_32_BIT_CONVERSION = YES;
				GCC_WARN_ABOUT_RETURN_TYPE = YES_ERROR;
				GCC_WARN_UNDECLARED_SELECTOR = YES;
				GCC_WARN_UNINITIALIZED_AUTOS = YES_AGGRESSIVE;
				GCC_WARN_UNUSED_FUNCTION = YES;
				GCC_WARN_UNUSED_VARIABLE = YES;
				INFOPLIST_FILE = Iris/Info.plist;
				INSTALL_PATH = "$(LOCAL_LIBRARY_DIR)/Frameworks";
				IPHONEOS_DEPLOYMENT_TARGET = 9.3;
				LD_RUNPATH_SEARCH_PATHS = "$(inherited) @executable_path/Frameworks @loader_path/Frameworks";
				MTL_ENABLE_DEBUG_INFO = YES;
				ONLY_ACTIVE_ARCH = YES;
				PRODUCT_BUNDLE_IDENTIFIER = nmdias.news.Iris;
				PRODUCT_NAME = "$(TARGET_NAME)";
				SDKROOT = iphoneos;
				SKIP_INSTALL = YES;
				SWIFT_OPTIMIZATION_LEVEL = "-Onone";
				TARGETED_DEVICE_FAMILY = "1,2";
				VERSIONING_SYSTEM = "apple-generic";
				VERSION_INFO_PREFIX = "";
			};
			name = Debug;
		};
		A0EF4DA71CE8689E00C52142 /* Release */ = {
			isa = XCBuildConfiguration;
			buildSettings = {
				ALWAYS_SEARCH_USER_PATHS = NO;
				CLANG_ANALYZER_NONNULL = YES;
				CLANG_CXX_LANGUAGE_STANDARD = "gnu++0x";
				CLANG_CXX_LIBRARY = "libc++";
				CLANG_ENABLE_MODULES = YES;
				CLANG_ENABLE_OBJC_ARC = YES;
				CLANG_WARN_BOOL_CONVERSION = YES;
				CLANG_WARN_CONSTANT_CONVERSION = YES;
				CLANG_WARN_DIRECT_OBJC_ISA_USAGE = YES_ERROR;
				CLANG_WARN_EMPTY_BODY = YES;
				CLANG_WARN_ENUM_CONVERSION = YES;
				CLANG_WARN_INT_CONVERSION = YES;
				CLANG_WARN_OBJC_ROOT_CLASS = YES_ERROR;
				CLANG_WARN_UNREACHABLE_CODE = YES;
				CLANG_WARN__DUPLICATE_METHOD_MATCH = YES;
				"CODE_SIGN_IDENTITY[sdk=iphoneos*]" = "iPhone Developer";
				COPY_PHASE_STRIP = NO;
				CURRENT_PROJECT_VERSION = 1;
				DEBUG_INFORMATION_FORMAT = "dwarf-with-dsym";
				DEFINES_MODULE = YES;
				DYLIB_COMPATIBILITY_VERSION = 1;
				DYLIB_CURRENT_VERSION = 1;
				DYLIB_INSTALL_NAME_BASE = "@rpath";
				ENABLE_NS_ASSERTIONS = NO;
				ENABLE_STRICT_OBJC_MSGSEND = YES;
				GCC_C_LANGUAGE_STANDARD = gnu99;
				GCC_NO_COMMON_BLOCKS = YES;
				GCC_WARN_64_TO_32_BIT_CONVERSION = YES;
				GCC_WARN_ABOUT_RETURN_TYPE = YES_ERROR;
				GCC_WARN_UNDECLARED_SELECTOR = YES;
				GCC_WARN_UNINITIALIZED_AUTOS = YES_AGGRESSIVE;
				GCC_WARN_UNUSED_FUNCTION = YES;
				GCC_WARN_UNUSED_VARIABLE = YES;
				INFOPLIST_FILE = Iris/Info.plist;
				INSTALL_PATH = "$(LOCAL_LIBRARY_DIR)/Frameworks";
				IPHONEOS_DEPLOYMENT_TARGET = 9.3;
				LD_RUNPATH_SEARCH_PATHS = "$(inherited) @executable_path/Frameworks @loader_path/Frameworks";
				MTL_ENABLE_DEBUG_INFO = NO;
				PRODUCT_BUNDLE_IDENTIFIER = nmdias.news.Iris;
				PRODUCT_NAME = "$(TARGET_NAME)";
				SDKROOT = iphoneos;
				SKIP_INSTALL = YES;
				TARGETED_DEVICE_FAMILY = "1,2";
				VALIDATE_PRODUCT = YES;
				VERSIONING_SYSTEM = "apple-generic";
				VERSION_INFO_PREFIX = "";
			};
			name = Release;
		};
		A0EF4DBB1CE869AE00C52142 /* Debug */ = {
			isa = XCBuildConfiguration;
			buildSettings = {
				ALWAYS_SEARCH_USER_PATHS = NO;
				ASSETCATALOG_COMPILER_APPICON_NAME = AppIcon;
				CLANG_ANALYZER_NONNULL = YES;
				CLANG_CXX_LANGUAGE_STANDARD = "gnu++0x";
				CLANG_CXX_LIBRARY = "libc++";
				CLANG_ENABLE_MODULES = YES;
				CLANG_ENABLE_OBJC_ARC = YES;
				CLANG_WARN_BOOL_CONVERSION = YES;
				CLANG_WARN_CONSTANT_CONVERSION = YES;
				CLANG_WARN_DIRECT_OBJC_ISA_USAGE = YES_ERROR;
				CLANG_WARN_EMPTY_BODY = YES;
				CLANG_WARN_ENUM_CONVERSION = YES;
				CLANG_WARN_INT_CONVERSION = YES;
				CLANG_WARN_OBJC_ROOT_CLASS = YES_ERROR;
				CLANG_WARN_UNREACHABLE_CODE = YES;
				CLANG_WARN__DUPLICATE_METHOD_MATCH = YES;
				"CODE_SIGN_IDENTITY[sdk=iphoneos*]" = "iPhone Developer";
				COPY_PHASE_STRIP = NO;
				DEBUG_INFORMATION_FORMAT = dwarf;
				ENABLE_STRICT_OBJC_MSGSEND = YES;
				ENABLE_TESTABILITY = YES;
				GCC_C_LANGUAGE_STANDARD = gnu99;
				GCC_DYNAMIC_NO_PIC = NO;
				GCC_NO_COMMON_BLOCKS = YES;
				GCC_OPTIMIZATION_LEVEL = 0;
				GCC_PREPROCESSOR_DEFINITIONS = (
					"DEBUG=1",
					"$(inherited)",
				);
				GCC_WARN_64_TO_32_BIT_CONVERSION = YES;
				GCC_WARN_ABOUT_RETURN_TYPE = YES_ERROR;
				GCC_WARN_UNDECLARED_SELECTOR = YES;
				GCC_WARN_UNINITIALIZED_AUTOS = YES_AGGRESSIVE;
				GCC_WARN_UNUSED_FUNCTION = YES;
				GCC_WARN_UNUSED_VARIABLE = YES;
				INFOPLIST_FILE = "Iris Example iOS/Info.plist";
				IPHONEOS_DEPLOYMENT_TARGET = 9.3;
				LD_RUNPATH_SEARCH_PATHS = "$(inherited) @executable_path/Frameworks";
				MTL_ENABLE_DEBUG_INFO = YES;
				ONLY_ACTIVE_ARCH = YES;
				PRODUCT_BUNDLE_IDENTIFIER = "nmdias.news.Iris-Example-iOS";
				PRODUCT_NAME = "$(TARGET_NAME)";
				SDKROOT = iphoneos;
				SWIFT_OPTIMIZATION_LEVEL = "-Onone";
			};
			name = Debug;
		};
		A0EF4DBC1CE869AE00C52142 /* Release */ = {
			isa = XCBuildConfiguration;
			buildSettings = {
				ALWAYS_SEARCH_USER_PATHS = NO;
				ASSETCATALOG_COMPILER_APPICON_NAME = AppIcon;
				CLANG_ANALYZER_NONNULL = YES;
				CLANG_CXX_LANGUAGE_STANDARD = "gnu++0x";
				CLANG_CXX_LIBRARY = "libc++";
				CLANG_ENABLE_MODULES = YES;
				CLANG_ENABLE_OBJC_ARC = YES;
				CLANG_WARN_BOOL_CONVERSION = YES;
				CLANG_WARN_CONSTANT_CONVERSION = YES;
				CLANG_WARN_DIRECT_OBJC_ISA_USAGE = YES_ERROR;
				CLANG_WARN_EMPTY_BODY = YES;
				CLANG_WARN_ENUM_CONVERSION = YES;
				CLANG_WARN_INT_CONVERSION = YES;
				CLANG_WARN_OBJC_ROOT_CLASS = YES_ERROR;
				CLANG_WARN_UNREACHABLE_CODE = YES;
				CLANG_WARN__DUPLICATE_METHOD_MATCH = YES;
				"CODE_SIGN_IDENTITY[sdk=iphoneos*]" = "iPhone Developer";
				COPY_PHASE_STRIP = NO;
				DEBUG_INFORMATION_FORMAT = "dwarf-with-dsym";
				ENABLE_NS_ASSERTIONS = NO;
				ENABLE_STRICT_OBJC_MSGSEND = YES;
				GCC_C_LANGUAGE_STANDARD = gnu99;
				GCC_NO_COMMON_BLOCKS = YES;
				GCC_WARN_64_TO_32_BIT_CONVERSION = YES;
				GCC_WARN_ABOUT_RETURN_TYPE = YES_ERROR;
				GCC_WARN_UNDECLARED_SELECTOR = YES;
				GCC_WARN_UNINITIALIZED_AUTOS = YES_AGGRESSIVE;
				GCC_WARN_UNUSED_FUNCTION = YES;
				GCC_WARN_UNUSED_VARIABLE = YES;
				INFOPLIST_FILE = "Iris Example iOS/Info.plist";
				IPHONEOS_DEPLOYMENT_TARGET = 9.3;
				LD_RUNPATH_SEARCH_PATHS = "$(inherited) @executable_path/Frameworks";
				MTL_ENABLE_DEBUG_INFO = NO;
				PRODUCT_BUNDLE_IDENTIFIER = "nmdias.news.Iris-Example-iOS";
				PRODUCT_NAME = "$(TARGET_NAME)";
				SDKROOT = iphoneos;
				VALIDATE_PRODUCT = YES;
			};
			name = Release;
		};
		A0EF4DCF1CE86A0600C52142 /* Debug */ = {
			isa = XCBuildConfiguration;
			buildSettings = {
				ALWAYS_SEARCH_USER_PATHS = NO;
				ASSETCATALOG_COMPILER_APPICON_NAME = "App Icon & Top Shelf Image";
				ASSETCATALOG_COMPILER_LAUNCHIMAGE_NAME = LaunchImage;
				CLANG_ANALYZER_NONNULL = YES;
				CLANG_CXX_LANGUAGE_STANDARD = "gnu++0x";
				CLANG_CXX_LIBRARY = "libc++";
				CLANG_ENABLE_MODULES = YES;
				CLANG_ENABLE_OBJC_ARC = YES;
				CLANG_WARN_BOOL_CONVERSION = YES;
				CLANG_WARN_CONSTANT_CONVERSION = YES;
				CLANG_WARN_DIRECT_OBJC_ISA_USAGE = YES_ERROR;
				CLANG_WARN_EMPTY_BODY = YES;
				CLANG_WARN_ENUM_CONVERSION = YES;
				CLANG_WARN_INT_CONVERSION = YES;
				CLANG_WARN_OBJC_ROOT_CLASS = YES_ERROR;
				CLANG_WARN_UNREACHABLE_CODE = YES;
				CLANG_WARN__DUPLICATE_METHOD_MATCH = YES;
				COPY_PHASE_STRIP = NO;
				DEBUG_INFORMATION_FORMAT = dwarf;
				ENABLE_STRICT_OBJC_MSGSEND = YES;
				ENABLE_TESTABILITY = YES;
				GCC_C_LANGUAGE_STANDARD = gnu99;
				GCC_DYNAMIC_NO_PIC = NO;
				GCC_NO_COMMON_BLOCKS = YES;
				GCC_OPTIMIZATION_LEVEL = 0;
				GCC_PREPROCESSOR_DEFINITIONS = (
					"DEBUG=1",
					"$(inherited)",
				);
				GCC_WARN_64_TO_32_BIT_CONVERSION = YES;
				GCC_WARN_ABOUT_RETURN_TYPE = YES_ERROR;
				GCC_WARN_UNDECLARED_SELECTOR = YES;
				GCC_WARN_UNINITIALIZED_AUTOS = YES_AGGRESSIVE;
				GCC_WARN_UNUSED_FUNCTION = YES;
				GCC_WARN_UNUSED_VARIABLE = YES;
				INFOPLIST_FILE = "Iris Example tvOS/Info.plist";
				LD_RUNPATH_SEARCH_PATHS = "$(inherited) @executable_path/Frameworks";
				MTL_ENABLE_DEBUG_INFO = YES;
				ONLY_ACTIVE_ARCH = YES;
				PRODUCT_BUNDLE_IDENTIFIER = "nmdias.news.Iris-Example-tvOS";
				PRODUCT_NAME = "$(TARGET_NAME)";
				SDKROOT = appletvos;
				SWIFT_OPTIMIZATION_LEVEL = "-Onone";
				TARGETED_DEVICE_FAMILY = 3;
				TVOS_DEPLOYMENT_TARGET = 9.2;
			};
			name = Debug;
		};
		A0EF4DD01CE86A0600C52142 /* Release */ = {
			isa = XCBuildConfiguration;
			buildSettings = {
				ALWAYS_SEARCH_USER_PATHS = NO;
				ASSETCATALOG_COMPILER_APPICON_NAME = "App Icon & Top Shelf Image";
				ASSETCATALOG_COMPILER_LAUNCHIMAGE_NAME = LaunchImage;
				CLANG_ANALYZER_NONNULL = YES;
				CLANG_CXX_LANGUAGE_STANDARD = "gnu++0x";
				CLANG_CXX_LIBRARY = "libc++";
				CLANG_ENABLE_MODULES = YES;
				CLANG_ENABLE_OBJC_ARC = YES;
				CLANG_WARN_BOOL_CONVERSION = YES;
				CLANG_WARN_CONSTANT_CONVERSION = YES;
				CLANG_WARN_DIRECT_OBJC_ISA_USAGE = YES_ERROR;
				CLANG_WARN_EMPTY_BODY = YES;
				CLANG_WARN_ENUM_CONVERSION = YES;
				CLANG_WARN_INT_CONVERSION = YES;
				CLANG_WARN_OBJC_ROOT_CLASS = YES_ERROR;
				CLANG_WARN_UNREACHABLE_CODE = YES;
				CLANG_WARN__DUPLICATE_METHOD_MATCH = YES;
				COPY_PHASE_STRIP = NO;
				DEBUG_INFORMATION_FORMAT = "dwarf-with-dsym";
				ENABLE_NS_ASSERTIONS = NO;
				ENABLE_STRICT_OBJC_MSGSEND = YES;
				GCC_C_LANGUAGE_STANDARD = gnu99;
				GCC_NO_COMMON_BLOCKS = YES;
				GCC_WARN_64_TO_32_BIT_CONVERSION = YES;
				GCC_WARN_ABOUT_RETURN_TYPE = YES_ERROR;
				GCC_WARN_UNDECLARED_SELECTOR = YES;
				GCC_WARN_UNINITIALIZED_AUTOS = YES_AGGRESSIVE;
				GCC_WARN_UNUSED_FUNCTION = YES;
				GCC_WARN_UNUSED_VARIABLE = YES;
				INFOPLIST_FILE = "Iris Example tvOS/Info.plist";
				LD_RUNPATH_SEARCH_PATHS = "$(inherited) @executable_path/Frameworks";
				MTL_ENABLE_DEBUG_INFO = NO;
				PRODUCT_BUNDLE_IDENTIFIER = "nmdias.news.Iris-Example-tvOS";
				PRODUCT_NAME = "$(TARGET_NAME)";
				SDKROOT = appletvos;
				TARGETED_DEVICE_FAMILY = 3;
				TVOS_DEPLOYMENT_TARGET = 9.2;
				VALIDATE_PRODUCT = YES;
			};
			name = Release;
		};
/* End XCBuildConfiguration section */

/* Begin XCConfigurationList section */
		A0EF4D971CE867DF00C52142 /* Build configuration list for PBXProject "Iris" */ = {
			isa = XCConfigurationList;
			buildConfigurations = (
				A0EF4D981CE867DF00C52142 /* Debug */,
				A0EF4D991CE867DF00C52142 /* Release */,
			);
			defaultConfigurationIsVisible = 0;
			defaultConfigurationName = Release;
		};
		A0EF4DA51CE8689E00C52142 /* Build configuration list for PBXNativeTarget "Iris" */ = {
			isa = XCConfigurationList;
			buildConfigurations = (
				A0EF4DA61CE8689E00C52142 /* Debug */,
				A0EF4DA71CE8689E00C52142 /* Release */,
			);
			defaultConfigurationIsVisible = 0;
			defaultConfigurationName = Release;
		};
		A0EF4DBD1CE869AE00C52142 /* Build configuration list for PBXNativeTarget "Iris Example iOS" */ = {
			isa = XCConfigurationList;
			buildConfigurations = (
				A0EF4DBB1CE869AE00C52142 /* Debug */,
				A0EF4DBC1CE869AE00C52142 /* Release */,
			);
			defaultConfigurationIsVisible = 0;
		};
		A0EF4DCE1CE86A0600C52142 /* Build configuration list for PBXNativeTarget "Iris Example tvOS" */ = {
			isa = XCConfigurationList;
			buildConfigurations = (
				A0EF4DCF1CE86A0600C52142 /* Debug */,
				A0EF4DD01CE86A0600C52142 /* Release */,
			);
			defaultConfigurationIsVisible = 0;
		};
/* End XCConfigurationList section */
	};
	rootObject = A0EF4D941CE867DF00C52142 /* Project object */;
}
